
Microsoft Visual Studio Solution File, Format Version 12.00
# Visual Studio Version 17
VisualStudioVersion = 17.6.33815.320
MinimumVisualStudioVersion = 10.0.40219.1
Project("{FAE04EC0-301F-11D3-BF4B-00C04F79EFBC}") = "EmulatorBackend", "EmulatorBackend\EmulatorBackend.csproj", "{0400912F-EB9C-4B78-B1AC-66507D1E48B1}"
EndProject
Global
	GlobalSection(SolutionConfigurationPlatforms) = preSolution
		Debug|Any CPU = Debug|Any CPU
		Release|Any CPU = Release|Any CPU
	EndGlobalSection
	GlobalSection(ProjectConfigurationPlatforms) = postSolution
		{0400912F-EB9C-4B78-B1AC-66507D1E48B1}.Debug|Any CPU.ActiveCfg = Debug|Any CPU
		{0400912F-EB9C-4B78-B1AC-66507D1E48B1}.Debug|Any CPU.Build.0 = Debug|Any CPU
		{0400912F-EB9C-4B78-B1AC-66507D1E48B1}.Release|Any CPU.ActiveCfg = Release|Any CPU
		{0400912F-EB9C-4B78-B1AC-66507D1E48B1}.Release|Any CPU.Build.0 = Release|Any CPU
	EndGlobalSection
	GlobalSection(SolutionProperties) = preSolution
		HideSolutionNode = FALSE
	EndGlobalSection
	GlobalSection(ExtensibilityGlobals) = postSolution
		SolutionGuid = {A218EB79-98AA-44F7-A5F2-D53E80834521}
	EndGlobalSection
EndGlobal
